// !$*UTF8*$!
{
	archiveVersion = 1;
	classes = {
	};
	objectVersion = 56;
	objects = {

/* Begin PBXBuildFile section */
		0003BFBC2B1247EF00C29757 /* DetailViewController.swift in Sources */ = {isa = PBXBuildFile; fileRef = 0003BFBB2B1247EF00C29757 /* DetailViewController.swift */; };
		0083D6FC2B127C030084766E /* UIColor+.swift in Sources */ = {isa = PBXBuildFile; fileRef = 0083D6FB2B127C030084766E /* UIColor+.swift */; };
		0083D6FE2B1280C30084766E /* Image.swift in Sources */ = {isa = PBXBuildFile; fileRef = 0083D6FD2B1280C30084766E /* Image.swift */; };
		0083D7002B12A0150084766E /* SupportViewController.swift in Sources */ = {isa = PBXBuildFile; fileRef = 0083D6FF2B12A0150084766E /* SupportViewController.swift */; };
		0083D7022B12A2280084766E /* SupportView.swift in Sources */ = {isa = PBXBuildFile; fileRef = 0083D7012B12A2280084766E /* SupportView.swift */; };
		0083D7042B12A3450084766E /* SupportTopView.swift in Sources */ = {isa = PBXBuildFile; fileRef = 0083D7032B12A3450084766E /* SupportTopView.swift */; };
		0083D7062B12A38B0084766E /* SupportCollectionView.swift in Sources */ = {isa = PBXBuildFile; fileRef = 0083D7052B12A38B0084766E /* SupportCollectionView.swift */; };
		0083D7082B12A3BD0084766E /* SupportCollectionViewCell.swift in Sources */ = {isa = PBXBuildFile; fileRef = 0083D7072B12A3BD0084766E /* SupportCollectionViewCell.swift */; };
		00B6F46D2B1224F3008F7396 /* Tabman in Frameworks */ = {isa = PBXBuildFile; productRef = 00B6F46C2B1224F3008F7396 /* Tabman */; };
		A13161452B12749800883CB2 /* UserInfoChipView.swift in Sources */ = {isa = PBXBuildFile; fileRef = A13161442B12749800883CB2 /* UserInfoChipView.swift */; };
		A19A1F522B12451B0077ACEC /* MainViewController.swift in Sources */ = {isa = PBXBuildFile; fileRef = A19A1F512B12451B0077ACEC /* MainViewController.swift */; };
		A19A1F552B1245330077ACEC /* IdCardView.swift in Sources */ = {isa = PBXBuildFile; fileRef = A19A1F542B1245330077ACEC /* IdCardView.swift */; };
		A19A1F572B12514E0077ACEC /* ActivityCardView.swift in Sources */ = {isa = PBXBuildFile; fileRef = A19A1F562B12514E0077ACEC /* ActivityCardView.swift */; };
		A19A1F5B2B1255CF0077ACEC /* ActivityStackView.swift in Sources */ = {isa = PBXBuildFile; fileRef = A19A1F5A2B1255CF0077ACEC /* ActivityStackView.swift */; };
		A19A1F5D2B1258490077ACEC /* ActivityStackViewItem.swift in Sources */ = {isa = PBXBuildFile; fileRef = A19A1F5C2B1258490077ACEC /* ActivityStackViewItem.swift */; };
		D206CAD82B0FB748007ECC1B /* AppDelegate.swift in Sources */ = {isa = PBXBuildFile; fileRef = D206CAD72B0FB748007ECC1B /* AppDelegate.swift */; };
		D206CADA2B0FB748007ECC1B /* SceneDelegate.swift in Sources */ = {isa = PBXBuildFile; fileRef = D206CAD92B0FB748007ECC1B /* SceneDelegate.swift */; };
		D206CADC2B0FB748007ECC1B /* ViewController.swift in Sources */ = {isa = PBXBuildFile; fileRef = D206CADB2B0FB748007ECC1B /* ViewController.swift */; };
		D206CAE12B0FB74A007ECC1B /* Assets.xcassets in Resources */ = {isa = PBXBuildFile; fileRef = D206CAE02B0FB74A007ECC1B /* Assets.xcassets */; };
		D206CAE42B0FB74A007ECC1B /* LaunchScreen.storyboard in Resources */ = {isa = PBXBuildFile; fileRef = D206CAE22B0FB74A007ECC1B /* LaunchScreen.storyboard */; };
		D26AFFD42B125470007B90DF /* ProgramViewController.swift in Sources */ = {isa = PBXBuildFile; fileRef = D26AFFD32B12546F007B90DF /* ProgramViewController.swift */; };
		D26AFFD62B125479007B90DF /* ProgramView.swift in Sources */ = {isa = PBXBuildFile; fileRef = D26AFFD52B125479007B90DF /* ProgramView.swift */; };
		D26AFFD92B1254BC007B90DF /* ProgramTopView.swift in Sources */ = {isa = PBXBuildFile; fileRef = D26AFFD82B1254BC007B90DF /* ProgramTopView.swift */; };
		D26AFFDB2B125825007B90DF /* ProgramCollectionView.swift in Sources */ = {isa = PBXBuildFile; fileRef = D26AFFDA2B125825007B90DF /* ProgramCollectionView.swift */; };
		D26AFFDD2B125AF8007B90DF /* ProgramCollectionViewCell.swift in Sources */ = {isa = PBXBuildFile; fileRef = D26AFFDC2B125AF8007B90DF /* ProgramCollectionViewCell.swift */; };
		D26AFFE02B1275B2007B90DF /* MainModel.swift in Sources */ = {isa = PBXBuildFile; fileRef = D26AFFDF2B1275B2007B90DF /* MainModel.swift */; };
		D26AFFE82B127673007B90DF /* MoyaService.swift in Sources */ = {isa = PBXBuildFile; fileRef = D26AFFE72B127673007B90DF /* MoyaService.swift */; };
		D26AFFEA2B12767B007B90DF /* MoyaAPI.swift in Sources */ = {isa = PBXBuildFile; fileRef = D26AFFE92B12767B007B90DF /* MoyaAPI.swift */; };
		D26AFFEC2B127B0F007B90DF /* BaseViewController.swift in Sources */ = {isa = PBXBuildFile; fileRef = D26AFFEB2B127B0F007B90DF /* BaseViewController.swift */; };
		D26AFFEE2B128915007B90DF /* GelationModel.swift in Sources */ = {isa = PBXBuildFile; fileRef = D26AFFED2B128915007B90DF /* GelationModel.swift */; };
		D26AFFF02B1291DC007B90DF /* ProgressView.swift in Sources */ = {isa = PBXBuildFile; fileRef = D26AFFEF2B1291DC007B90DF /* ProgressView.swift */; };
		D26AFFF22B129A8F007B90DF /* ProgramModel.swift in Sources */ = {isa = PBXBuildFile; fileRef = D26AFFF12B129A8F007B90DF /* ProgramModel.swift */; };
		D26AFFF42B12AA8A007B90DF /* DetailModel.swift in Sources */ = {isa = PBXBuildFile; fileRef = D26AFFF32B12AA8A007B90DF /* DetailModel.swift */; };
		D26AFFF62B12B2AA007B90DF /* RegisterModel.swift in Sources */ = {isa = PBXBuildFile; fileRef = D26AFFF52B12B2AA007B90DF /* RegisterModel.swift */; };
		D28379A12B0FB83A00A1903B /* SnapKit in Frameworks */ = {isa = PBXBuildFile; productRef = D28379A02B0FB83A00A1903B /* SnapKit */; };
		D28379A42B0FB84300A1903B /* Then in Frameworks */ = {isa = PBXBuildFile; productRef = D28379A32B0FB84300A1903B /* Then */; };
		D28379A72B0FB86500A1903B /* Moya in Frameworks */ = {isa = PBXBuildFile; productRef = D28379A62B0FB86500A1903B /* Moya */; };
		D28379AA2B0FB87200A1903B /* Kingfisher in Frameworks */ = {isa = PBXBuildFile; productRef = D28379A92B0FB87200A1903B /* Kingfisher */; };
		D28379B92B0FBBEA00A1903B /* UIApplication+.swift in Sources */ = {isa = PBXBuildFile; fileRef = D28379B82B0FBBEA00A1903B /* UIApplication+.swift */; };
		D28379BB2B0FBBF500A1903B /* UIButton+.swift in Sources */ = {isa = PBXBuildFile; fileRef = D28379BA2B0FBBF500A1903B /* UIButton+.swift */; };
		D28379BD2B0FBC0400A1903B /* UICollectionReuseableView+.swift in Sources */ = {isa = PBXBuildFile; fileRef = D28379BC2B0FBC0400A1903B /* UICollectionReuseableView+.swift */; };
		D28379BF2B0FBC0F00A1903B /* UICollectionViewCell++.swift in Sources */ = {isa = PBXBuildFile; fileRef = D28379BE2B0FBC0F00A1903B /* UICollectionViewCell++.swift */; };
		D28379C12B0FBC1D00A1903B /* UIImageView+.swift in Sources */ = {isa = PBXBuildFile; fileRef = D28379C02B0FBC1D00A1903B /* UIImageView+.swift */; };
		D28379C32B0FBC2900A1903B /* UILabel+.swift in Sources */ = {isa = PBXBuildFile; fileRef = D28379C22B0FBC2900A1903B /* UILabel+.swift */; };
		D28379C52B0FBC3700A1903B /* UINavagationController+.swift in Sources */ = {isa = PBXBuildFile; fileRef = D28379C42B0FBC3700A1903B /* UINavagationController+.swift */; };
		D28379C72B0FBC4100A1903B /* UIStackView+.swift in Sources */ = {isa = PBXBuildFile; fileRef = D28379C62B0FBC4100A1903B /* UIStackView+.swift */; };
		D28379C92B0FBC4B00A1903B /* UITableHeaderFooterView+.swift in Sources */ = {isa = PBXBuildFile; fileRef = D28379C82B0FBC4B00A1903B /* UITableHeaderFooterView+.swift */; };
		D28379CB2B0FBC5500A1903B /* UITableViewCell+.swift in Sources */ = {isa = PBXBuildFile; fileRef = D28379CA2B0FBC5500A1903B /* UITableViewCell+.swift */; };
		D28379CD2B0FBC5F00A1903B /* UITextField+.swift in Sources */ = {isa = PBXBuildFile; fileRef = D28379CC2B0FBC5F00A1903B /* UITextField+.swift */; };
		D28379CF2B0FBC6900A1903B /* UIView+.swift in Sources */ = {isa = PBXBuildFile; fileRef = D28379CE2B0FBC6900A1903B /* UIView+.swift */; };
		D28379D12B0FBC7600A1903B /* UIViewController+.swift in Sources */ = {isa = PBXBuildFile; fileRef = D28379D02B0FBC7600A1903B /* UIViewController+.swift */; };
		D28379D32B0FBC8900A1903B /* String+.swift in Sources */ = {isa = PBXBuildFile; fileRef = D28379D22B0FBC8900A1903B /* String+.swift */; };
		D28379D52B0FBDB300A1903B /* APIConstant.swift in Sources */ = {isa = PBXBuildFile; fileRef = D28379D42B0FBDB300A1903B /* APIConstant.swift */; };
		D28379D72B0FBDDC00A1903B /* MoyaLoggerPlugin.swift in Sources */ = {isa = PBXBuildFile; fileRef = D28379D62B0FBDDC00A1903B /* MoyaLoggerPlugin.swift */; };
		D28379D92B0FBE5C00A1903B /* NetworkResult.swift in Sources */ = {isa = PBXBuildFile; fileRef = D28379D82B0FBE5C00A1903B /* NetworkResult.swift */; };
		D28379DB2B0FBE7500A1903B /* BaseTargetType.swift in Sources */ = {isa = PBXBuildFile; fileRef = D28379DA2B0FBE7500A1903B /* BaseTargetType.swift */; };
		D28379DD2B0FBE9C00A1903B /* BaseAPI.swift in Sources */ = {isa = PBXBuildFile; fileRef = D28379DC2B0FBE9C00A1903B /* BaseAPI.swift */; };
		D28379DF2B0FBFFC00A1903B /* Adjusted+.swift in Sources */ = {isa = PBXBuildFile; fileRef = D28379DE2B0FBFFC00A1903B /* Adjusted+.swift */; };
		D28379E22B0FC04C00A1903B /* VoidResult.swift in Sources */ = {isa = PBXBuildFile; fileRef = D28379E12B0FC04C00A1903B /* VoidResult.swift */; };
		D28379E42B0FC06C00A1903B /* SimpleResponse.swift in Sources */ = {isa = PBXBuildFile; fileRef = D28379E32B0FC06C00A1903B /* SimpleResponse.swift */; };
		D28379E62B0FC08200A1903B /* GenericResponse.swift in Sources */ = {isa = PBXBuildFile; fileRef = D28379E52B0FC08200A1903B /* GenericResponse.swift */; };
		D28379F22B0FC27C00A1903B /* Pretendard-Medium.otf in Resources */ = {isa = PBXBuildFile; fileRef = D28379E92B0FC27B00A1903B /* Pretendard-Medium.otf */; };
		D28379F32B0FC27C00A1903B /* Pretendard-ExtraLight.otf in Resources */ = {isa = PBXBuildFile; fileRef = D28379EA2B0FC27B00A1903B /* Pretendard-ExtraLight.otf */; };
		D28379F42B0FC27C00A1903B /* Pretendard-Bold.otf in Resources */ = {isa = PBXBuildFile; fileRef = D28379EB2B0FC27C00A1903B /* Pretendard-Bold.otf */; };
		D28379F52B0FC27C00A1903B /* Pretendard-ExtraBold.otf in Resources */ = {isa = PBXBuildFile; fileRef = D28379EC2B0FC27C00A1903B /* Pretendard-ExtraBold.otf */; };
		D28379F62B0FC27C00A1903B /* Pretendard-Light.otf in Resources */ = {isa = PBXBuildFile; fileRef = D28379ED2B0FC27C00A1903B /* Pretendard-Light.otf */; };
		D28379F72B0FC27C00A1903B /* Pretendard-Thin.otf in Resources */ = {isa = PBXBuildFile; fileRef = D28379EE2B0FC27C00A1903B /* Pretendard-Thin.otf */; };
		D28379F82B0FC27C00A1903B /* Pretendard-Black.otf in Resources */ = {isa = PBXBuildFile; fileRef = D28379EF2B0FC27C00A1903B /* Pretendard-Black.otf */; };
		D28379F92B0FC27C00A1903B /* Pretendard-SemiBold.otf in Resources */ = {isa = PBXBuildFile; fileRef = D28379F02B0FC27C00A1903B /* Pretendard-SemiBold.otf */; };
		D28379FA2B0FC27C00A1903B /* Pretendard-Regular.otf in Resources */ = {isa = PBXBuildFile; fileRef = D28379F12B0FC27C00A1903B /* Pretendard-Regular.otf */; };
		D28379FC2B0FC53500A1903B /* Device.swift in Sources */ = {isa = PBXBuildFile; fileRef = D28379FB2B0FC53500A1903B /* Device.swift */; };
		E5CD4BEB2B1238AC00CF9D17 /* TabBarController.swift in Sources */ = {isa = PBXBuildFile; fileRef = E5CD4BEA2B1238AC00CF9D17 /* TabBarController.swift */; };
		E5CD4BF02B124AD900CF9D17 /* GelationDetailView.swift in Sources */ = {isa = PBXBuildFile; fileRef = E5CD4BEF2B124AD900CF9D17 /* GelationDetailView.swift */; };
		E5CD4BF22B124BD600CF9D17 /* GelationCollectionViewCell.swift in Sources */ = {isa = PBXBuildFile; fileRef = E5CD4BF12B124BD600CF9D17 /* GelationCollectionViewCell.swift */; };
		E5CD4BF52B1250F800CF9D17 /* GelationData.swift in Sources */ = {isa = PBXBuildFile; fileRef = E5CD4BF42B1250F800CF9D17 /* GelationData.swift */; };
		E5CD4BF72B12637800CF9D17 /* CustomNavigationBarView.swift in Sources */ = {isa = PBXBuildFile; fileRef = E5CD4BF62B12637800CF9D17 /* CustomNavigationBarView.swift */; };
		E5CD4BFA2B12A01B00CF9D17 /* SplashView.swift in Sources */ = {isa = PBXBuildFile; fileRef = E5CD4BF92B12A01B00CF9D17 /* SplashView.swift */; };
/* End PBXBuildFile section */

/* Begin PBXFileReference section */
		0003BFBB2B1247EF00C29757 /* DetailViewController.swift */ = {isa = PBXFileReference; lastKnownFileType = sourcecode.swift; path = DetailViewController.swift; sourceTree = "<group>"; };
		0083D6FB2B127C030084766E /* UIColor+.swift */ = {isa = PBXFileReference; lastKnownFileType = sourcecode.swift; path = "UIColor+.swift"; sourceTree = "<group>"; };
		0083D6FD2B1280C30084766E /* Image.swift */ = {isa = PBXFileReference; lastKnownFileType = sourcecode.swift; path = Image.swift; sourceTree = "<group>"; };
		0083D6FF2B12A0150084766E /* SupportViewController.swift */ = {isa = PBXFileReference; lastKnownFileType = sourcecode.swift; path = SupportViewController.swift; sourceTree = "<group>"; };
		0083D7012B12A2280084766E /* SupportView.swift */ = {isa = PBXFileReference; lastKnownFileType = sourcecode.swift; path = SupportView.swift; sourceTree = "<group>"; };
		0083D7032B12A3450084766E /* SupportTopView.swift */ = {isa = PBXFileReference; lastKnownFileType = sourcecode.swift; path = SupportTopView.swift; sourceTree = "<group>"; };
		0083D7052B12A38B0084766E /* SupportCollectionView.swift */ = {isa = PBXFileReference; lastKnownFileType = sourcecode.swift; path = SupportCollectionView.swift; sourceTree = "<group>"; };
		0083D7072B12A3BD0084766E /* SupportCollectionViewCell.swift */ = {isa = PBXFileReference; lastKnownFileType = sourcecode.swift; path = SupportCollectionViewCell.swift; sourceTree = "<group>"; };
		A13161442B12749800883CB2 /* UserInfoChipView.swift */ = {isa = PBXFileReference; lastKnownFileType = sourcecode.swift; path = UserInfoChipView.swift; sourceTree = "<group>"; };
		A19A1F512B12451B0077ACEC /* MainViewController.swift */ = {isa = PBXFileReference; lastKnownFileType = sourcecode.swift; path = MainViewController.swift; sourceTree = "<group>"; };
		A19A1F542B1245330077ACEC /* IdCardView.swift */ = {isa = PBXFileReference; lastKnownFileType = sourcecode.swift; path = IdCardView.swift; sourceTree = "<group>"; };
		A19A1F562B12514E0077ACEC /* ActivityCardView.swift */ = {isa = PBXFileReference; lastKnownFileType = sourcecode.swift; path = ActivityCardView.swift; sourceTree = "<group>"; };
		A19A1F5A2B1255CF0077ACEC /* ActivityStackView.swift */ = {isa = PBXFileReference; lastKnownFileType = sourcecode.swift; path = ActivityStackView.swift; sourceTree = "<group>"; };
		A19A1F5C2B1258490077ACEC /* ActivityStackViewItem.swift */ = {isa = PBXFileReference; lastKnownFileType = sourcecode.swift; path = ActivityStackViewItem.swift; sourceTree = "<group>"; };
		D206CAD42B0FB748007ECC1B /* SOPKATHON_33-iOS.app */ = {isa = PBXFileReference; explicitFileType = wrapper.application; includeInIndex = 0; path = "SOPKATHON_33-iOS.app"; sourceTree = BUILT_PRODUCTS_DIR; };
		D206CAD72B0FB748007ECC1B /* AppDelegate.swift */ = {isa = PBXFileReference; lastKnownFileType = sourcecode.swift; path = AppDelegate.swift; sourceTree = "<group>"; };
		D206CAD92B0FB748007ECC1B /* SceneDelegate.swift */ = {isa = PBXFileReference; lastKnownFileType = sourcecode.swift; path = SceneDelegate.swift; sourceTree = "<group>"; };
		D206CADB2B0FB748007ECC1B /* ViewController.swift */ = {isa = PBXFileReference; lastKnownFileType = sourcecode.swift; path = ViewController.swift; sourceTree = "<group>"; };
		D206CAE02B0FB74A007ECC1B /* Assets.xcassets */ = {isa = PBXFileReference; lastKnownFileType = folder.assetcatalog; path = Assets.xcassets; sourceTree = "<group>"; };
		D206CAE32B0FB74A007ECC1B /* Base */ = {isa = PBXFileReference; lastKnownFileType = file.storyboard; name = Base; path = Base.lproj/LaunchScreen.storyboard; sourceTree = "<group>"; };
		D206CAE52B0FB74A007ECC1B /* Info.plist */ = {isa = PBXFileReference; lastKnownFileType = text.plist.xml; path = Info.plist; sourceTree = "<group>"; };
		D26AFFD32B12546F007B90DF /* ProgramViewController.swift */ = {isa = PBXFileReference; lastKnownFileType = sourcecode.swift; path = ProgramViewController.swift; sourceTree = "<group>"; };
		D26AFFD52B125479007B90DF /* ProgramView.swift */ = {isa = PBXFileReference; lastKnownFileType = sourcecode.swift; path = ProgramView.swift; sourceTree = "<group>"; };
		D26AFFD82B1254BC007B90DF /* ProgramTopView.swift */ = {isa = PBXFileReference; lastKnownFileType = sourcecode.swift; path = ProgramTopView.swift; sourceTree = "<group>"; };
		D26AFFDA2B125825007B90DF /* ProgramCollectionView.swift */ = {isa = PBXFileReference; lastKnownFileType = sourcecode.swift; path = ProgramCollectionView.swift; sourceTree = "<group>"; };
		D26AFFDC2B125AF8007B90DF /* ProgramCollectionViewCell.swift */ = {isa = PBXFileReference; lastKnownFileType = sourcecode.swift; path = ProgramCollectionViewCell.swift; sourceTree = "<group>"; };
		D26AFFDF2B1275B2007B90DF /* MainModel.swift */ = {isa = PBXFileReference; lastKnownFileType = sourcecode.swift; path = MainModel.swift; sourceTree = "<group>"; };
		D26AFFE72B127673007B90DF /* MoyaService.swift */ = {isa = PBXFileReference; lastKnownFileType = sourcecode.swift; path = MoyaService.swift; sourceTree = "<group>"; };
		D26AFFE92B12767B007B90DF /* MoyaAPI.swift */ = {isa = PBXFileReference; lastKnownFileType = sourcecode.swift; path = MoyaAPI.swift; sourceTree = "<group>"; };
		D26AFFEB2B127B0F007B90DF /* BaseViewController.swift */ = {isa = PBXFileReference; lastKnownFileType = sourcecode.swift; path = BaseViewController.swift; sourceTree = "<group>"; };
		D26AFFED2B128915007B90DF /* GelationModel.swift */ = {isa = PBXFileReference; lastKnownFileType = sourcecode.swift; path = GelationModel.swift; sourceTree = "<group>"; };
		D26AFFEF2B1291DC007B90DF /* ProgressView.swift */ = {isa = PBXFileReference; lastKnownFileType = sourcecode.swift; path = ProgressView.swift; sourceTree = "<group>"; };
		D26AFFF12B129A8F007B90DF /* ProgramModel.swift */ = {isa = PBXFileReference; lastKnownFileType = sourcecode.swift; path = ProgramModel.swift; sourceTree = "<group>"; };
		D26AFFF32B12AA8A007B90DF /* DetailModel.swift */ = {isa = PBXFileReference; lastKnownFileType = sourcecode.swift; path = DetailModel.swift; sourceTree = "<group>"; };
		D26AFFF52B12B2AA007B90DF /* RegisterModel.swift */ = {isa = PBXFileReference; lastKnownFileType = sourcecode.swift; path = RegisterModel.swift; sourceTree = "<group>"; };
		D28379B82B0FBBEA00A1903B /* UIApplication+.swift */ = {isa = PBXFileReference; lastKnownFileType = sourcecode.swift; path = "UIApplication+.swift"; sourceTree = "<group>"; };
		D28379BA2B0FBBF500A1903B /* UIButton+.swift */ = {isa = PBXFileReference; lastKnownFileType = sourcecode.swift; path = "UIButton+.swift"; sourceTree = "<group>"; };
		D28379BC2B0FBC0400A1903B /* UICollectionReuseableView+.swift */ = {isa = PBXFileReference; lastKnownFileType = sourcecode.swift; path = "UICollectionReuseableView+.swift"; sourceTree = "<group>"; };
		D28379BE2B0FBC0F00A1903B /* UICollectionViewCell++.swift */ = {isa = PBXFileReference; lastKnownFileType = sourcecode.swift; path = "UICollectionViewCell++.swift"; sourceTree = "<group>"; };
		D28379C02B0FBC1D00A1903B /* UIImageView+.swift */ = {isa = PBXFileReference; lastKnownFileType = sourcecode.swift; path = "UIImageView+.swift"; sourceTree = "<group>"; };
		D28379C22B0FBC2900A1903B /* UILabel+.swift */ = {isa = PBXFileReference; lastKnownFileType = sourcecode.swift; path = "UILabel+.swift"; sourceTree = "<group>"; };
		D28379C42B0FBC3700A1903B /* UINavagationController+.swift */ = {isa = PBXFileReference; lastKnownFileType = sourcecode.swift; path = "UINavagationController+.swift"; sourceTree = "<group>"; };
		D28379C62B0FBC4100A1903B /* UIStackView+.swift */ = {isa = PBXFileReference; lastKnownFileType = sourcecode.swift; path = "UIStackView+.swift"; sourceTree = "<group>"; };
		D28379C82B0FBC4B00A1903B /* UITableHeaderFooterView+.swift */ = {isa = PBXFileReference; lastKnownFileType = sourcecode.swift; path = "UITableHeaderFooterView+.swift"; sourceTree = "<group>"; };
		D28379CA2B0FBC5500A1903B /* UITableViewCell+.swift */ = {isa = PBXFileReference; lastKnownFileType = sourcecode.swift; path = "UITableViewCell+.swift"; sourceTree = "<group>"; };
		D28379CC2B0FBC5F00A1903B /* UITextField+.swift */ = {isa = PBXFileReference; lastKnownFileType = sourcecode.swift; path = "UITextField+.swift"; sourceTree = "<group>"; };
		D28379CE2B0FBC6900A1903B /* UIView+.swift */ = {isa = PBXFileReference; lastKnownFileType = sourcecode.swift; path = "UIView+.swift"; sourceTree = "<group>"; };
		D28379D02B0FBC7600A1903B /* UIViewController+.swift */ = {isa = PBXFileReference; lastKnownFileType = sourcecode.swift; path = "UIViewController+.swift"; sourceTree = "<group>"; };
		D28379D22B0FBC8900A1903B /* String+.swift */ = {isa = PBXFileReference; lastKnownFileType = sourcecode.swift; path = "String+.swift"; sourceTree = "<group>"; };
		D28379D42B0FBDB300A1903B /* APIConstant.swift */ = {isa = PBXFileReference; lastKnownFileType = sourcecode.swift; path = APIConstant.swift; sourceTree = "<group>"; };
		D28379D62B0FBDDC00A1903B /* MoyaLoggerPlugin.swift */ = {isa = PBXFileReference; lastKnownFileType = sourcecode.swift; path = MoyaLoggerPlugin.swift; sourceTree = "<group>"; };
		D28379D82B0FBE5C00A1903B /* NetworkResult.swift */ = {isa = PBXFileReference; lastKnownFileType = sourcecode.swift; path = NetworkResult.swift; sourceTree = "<group>"; };
		D28379DA2B0FBE7500A1903B /* BaseTargetType.swift */ = {isa = PBXFileReference; lastKnownFileType = sourcecode.swift; path = BaseTargetType.swift; sourceTree = "<group>"; };
		D28379DC2B0FBE9C00A1903B /* BaseAPI.swift */ = {isa = PBXFileReference; lastKnownFileType = sourcecode.swift; path = BaseAPI.swift; sourceTree = "<group>"; };
		D28379DE2B0FBFFC00A1903B /* Adjusted+.swift */ = {isa = PBXFileReference; lastKnownFileType = sourcecode.swift; path = "Adjusted+.swift"; sourceTree = "<group>"; };
		D28379E12B0FC04C00A1903B /* VoidResult.swift */ = {isa = PBXFileReference; lastKnownFileType = sourcecode.swift; path = VoidResult.swift; sourceTree = "<group>"; };
		D28379E32B0FC06C00A1903B /* SimpleResponse.swift */ = {isa = PBXFileReference; lastKnownFileType = sourcecode.swift; path = SimpleResponse.swift; sourceTree = "<group>"; };
		D28379E52B0FC08200A1903B /* GenericResponse.swift */ = {isa = PBXFileReference; lastKnownFileType = sourcecode.swift; path = GenericResponse.swift; sourceTree = "<group>"; };
		D28379E92B0FC27B00A1903B /* Pretendard-Medium.otf */ = {isa = PBXFileReference; lastKnownFileType = file; path = "Pretendard-Medium.otf"; sourceTree = "<group>"; };
		D28379EA2B0FC27B00A1903B /* Pretendard-ExtraLight.otf */ = {isa = PBXFileReference; lastKnownFileType = file; path = "Pretendard-ExtraLight.otf"; sourceTree = "<group>"; };
		D28379EB2B0FC27C00A1903B /* Pretendard-Bold.otf */ = {isa = PBXFileReference; lastKnownFileType = file; path = "Pretendard-Bold.otf"; sourceTree = "<group>"; };
		D28379EC2B0FC27C00A1903B /* Pretendard-ExtraBold.otf */ = {isa = PBXFileReference; lastKnownFileType = file; path = "Pretendard-ExtraBold.otf"; sourceTree = "<group>"; };
		D28379ED2B0FC27C00A1903B /* Pretendard-Light.otf */ = {isa = PBXFileReference; lastKnownFileType = file; path = "Pretendard-Light.otf"; sourceTree = "<group>"; };
		D28379EE2B0FC27C00A1903B /* Pretendard-Thin.otf */ = {isa = PBXFileReference; lastKnownFileType = file; path = "Pretendard-Thin.otf"; sourceTree = "<group>"; };
		D28379EF2B0FC27C00A1903B /* Pretendard-Black.otf */ = {isa = PBXFileReference; lastKnownFileType = file; path = "Pretendard-Black.otf"; sourceTree = "<group>"; };
		D28379F02B0FC27C00A1903B /* Pretendard-SemiBold.otf */ = {isa = PBXFileReference; lastKnownFileType = file; path = "Pretendard-SemiBold.otf"; sourceTree = "<group>"; };
		D28379F12B0FC27C00A1903B /* Pretendard-Regular.otf */ = {isa = PBXFileReference; lastKnownFileType = file; path = "Pretendard-Regular.otf"; sourceTree = "<group>"; };
		D28379FB2B0FC53500A1903B /* Device.swift */ = {isa = PBXFileReference; lastKnownFileType = sourcecode.swift; path = Device.swift; sourceTree = "<group>"; };
		E5CD4BEA2B1238AC00CF9D17 /* TabBarController.swift */ = {isa = PBXFileReference; lastKnownFileType = sourcecode.swift; path = TabBarController.swift; sourceTree = "<group>"; };
		E5CD4BEF2B124AD900CF9D17 /* GelationDetailView.swift */ = {isa = PBXFileReference; lastKnownFileType = sourcecode.swift; path = GelationDetailView.swift; sourceTree = "<group>"; };
		E5CD4BF12B124BD600CF9D17 /* GelationCollectionViewCell.swift */ = {isa = PBXFileReference; lastKnownFileType = sourcecode.swift; path = GelationCollectionViewCell.swift; sourceTree = "<group>"; };
		E5CD4BF42B1250F800CF9D17 /* GelationData.swift */ = {isa = PBXFileReference; lastKnownFileType = sourcecode.swift; path = GelationData.swift; sourceTree = "<group>"; };
		E5CD4BF62B12637800CF9D17 /* CustomNavigationBarView.swift */ = {isa = PBXFileReference; lastKnownFileType = sourcecode.swift; path = CustomNavigationBarView.swift; sourceTree = "<group>"; };
		E5CD4BF92B12A01B00CF9D17 /* SplashView.swift */ = {isa = PBXFileReference; lastKnownFileType = sourcecode.swift; path = SplashView.swift; sourceTree = "<group>"; };
/* End PBXFileReference section */

/* Begin PBXFrameworksBuildPhase section */
		D206CAD12B0FB748007ECC1B /* Frameworks */ = {
			isa = PBXFrameworksBuildPhase;
			buildActionMask = 2147483647;
			files = (
				00B6F46D2B1224F3008F7396 /* Tabman in Frameworks */,
				D28379AA2B0FB87200A1903B /* Kingfisher in Frameworks */,
				D28379A12B0FB83A00A1903B /* SnapKit in Frameworks */,
				D28379A42B0FB84300A1903B /* Then in Frameworks */,
				D28379A72B0FB86500A1903B /* Moya in Frameworks */,
			);
			runOnlyForDeploymentPostprocessing = 0;
		};
/* End PBXFrameworksBuildPhase section */

/* Begin PBXGroup section */
		0003BFB52B12475200C29757 /* Detail */ = {
			isa = PBXGroup;
			children = (
				0003BFB62B12477A00C29757 /* Cell */,
				0003BFB72B12478000C29757 /* View */,
				0003BFBA2B12479C00C29757 /* ViewController */,
			);
			path = Detail;
			sourceTree = "<group>";
		};
		0003BFB62B12477A00C29757 /* Cell */ = {
			isa = PBXGroup;
			children = (
			);
			path = Cell;
			sourceTree = "<group>";
		};
		0003BFB72B12478000C29757 /* View */ = {
			isa = PBXGroup;
			children = (
			);
			path = View;
			sourceTree = "<group>";
		};
		0003BFBA2B12479C00C29757 /* ViewController */ = {
			isa = PBXGroup;
			children = (
				0003BFBB2B1247EF00C29757 /* DetailViewController.swift */,
			);
			path = ViewController;
			sourceTree = "<group>";
		};
		A19A1F502B12450F0077ACEC /* Main */ = {
			isa = PBXGroup;
			children = (
				A19A1F532B12452A0077ACEC /* View */,
				A19A1F512B12451B0077ACEC /* MainViewController.swift */,
			);
			path = Main;
			sourceTree = "<group>";
		};
		A19A1F532B12452A0077ACEC /* View */ = {
			isa = PBXGroup;
			children = (
				A19A1F542B1245330077ACEC /* IdCardView.swift */,
				A19A1F562B12514E0077ACEC /* ActivityCardView.swift */,
				A19A1F5A2B1255CF0077ACEC /* ActivityStackView.swift */,
				A19A1F5C2B1258490077ACEC /* ActivityStackViewItem.swift */,
				A13161442B12749800883CB2 /* UserInfoChipView.swift */,
				D26AFFEF2B1291DC007B90DF /* ProgressView.swift */,
			);
			path = View;
			sourceTree = "<group>";
		};
		D206CACB2B0FB748007ECC1B = {
			isa = PBXGroup;
			children = (
				D206CAD62B0FB748007ECC1B /* SOPKATHON_33-iOS */,
				D206CAD52B0FB748007ECC1B /* Products */,
			);
			sourceTree = "<group>";
		};
		D206CAD52B0FB748007ECC1B /* Products */ = {
			isa = PBXGroup;
			children = (
				D206CAD42B0FB748007ECC1B /* SOPKATHON_33-iOS.app */,
			);
			name = Products;
			sourceTree = "<group>";
		};
		D206CAD62B0FB748007ECC1B /* SOPKATHON_33-iOS */ = {
			isa = PBXGroup;
			children = (
				D28379B32B0FBBB200A1903B /* Global */,
				D28379B22B0FBB9B00A1903B /* Resource */,
				D28379B02B0FBB8300A1903B /* Network */,
				D28379AD2B0FBB7300A1903B /* Data */,
				D28379AC2B0FBB5300A1903B /* Presentation */,
				D28379AB2B0FBB3400A1903B /* Application */,
				D206CAE52B0FB74A007ECC1B /* Info.plist */,
			);
			path = "SOPKATHON_33-iOS";
			sourceTree = "<group>";
		};
		D26AFFCF2B125454007B90DF /* Program */ = {
			isa = PBXGroup;
			children = (
				D26AFFD22B125463007B90DF /* Cell */,
				D26AFFD12B12545E007B90DF /* ViewController */,
				D26AFFD02B125459007B90DF /* View */,
			);
			path = Program;
			sourceTree = "<group>";
		};
		D26AFFD02B125459007B90DF /* View */ = {
			isa = PBXGroup;
			children = (
				D26AFFD72B1254AA007B90DF /* AssitantView */,
				0083D7012B12A2280084766E /* SupportView.swift */,
				D26AFFD52B125479007B90DF /* ProgramView.swift */,
			);
			path = View;
			sourceTree = "<group>";
		};
		D26AFFD12B12545E007B90DF /* ViewController */ = {
			isa = PBXGroup;
			children = (
				D26AFFD32B12546F007B90DF /* ProgramViewController.swift */,
				0083D6FF2B12A0150084766E /* SupportViewController.swift */,
			);
			path = ViewController;
			sourceTree = "<group>";
		};
		D26AFFD22B125463007B90DF /* Cell */ = {
			isa = PBXGroup;
			children = (
				D26AFFDC2B125AF8007B90DF /* ProgramCollectionViewCell.swift */,
				0083D7072B12A3BD0084766E /* SupportCollectionViewCell.swift */,
			);
			path = Cell;
			sourceTree = "<group>";
		};
		D26AFFD72B1254AA007B90DF /* AssitantView */ = {
			isa = PBXGroup;
			children = (
				D26AFFD82B1254BC007B90DF /* ProgramTopView.swift */,
				0083D7032B12A3450084766E /* SupportTopView.swift */,
				D26AFFDA2B125825007B90DF /* ProgramCollectionView.swift */,
				0083D7052B12A38B0084766E /* SupportCollectionView.swift */,
			);
			path = AssitantView;
			sourceTree = "<group>";
		};
		D26AFFDE2B1275A9007B90DF /* Main */ = {
			isa = PBXGroup;
			children = (
				D26AFFDF2B1275B2007B90DF /* MainModel.swift */,
				D26AFFED2B128915007B90DF /* GelationModel.swift */,
				D26AFFF12B129A8F007B90DF /* ProgramModel.swift */,
				D26AFFF32B12AA8A007B90DF /* DetailModel.swift */,
				D26AFFF52B12B2AA007B90DF /* RegisterModel.swift */,
			);
			path = Main;
			sourceTree = "<group>";
		};
		D28379AB2B0FBB3400A1903B /* Application */ = {
			isa = PBXGroup;
			children = (
				D206CAD92B0FB748007ECC1B /* SceneDelegate.swift */,
				D206CAD72B0FB748007ECC1B /* AppDelegate.swift */,
			);
			path = Application;
			sourceTree = "<group>";
		};
		D28379AC2B0FBB5300A1903B /* Presentation */ = {
			isa = PBXGroup;
			children = (
				E5CD4BF82B12A00000CF9D17 /* Splash */,
				E5CD4BEC2B124A9100CF9D17 /* GelationDetail */,
				A19A1F502B12450F0077ACEC /* Main */,
				D26AFFCF2B125454007B90DF /* Program */,
				E5CD4BE82B12388E00CF9D17 /* Base */,
				0003BFB52B12475200C29757 /* Detail */,
				D206CADB2B0FB748007ECC1B /* ViewController.swift */,
			);
			path = Presentation;
			sourceTree = "<group>";
		};
		D28379AD2B0FBB7300A1903B /* Data */ = {
			isa = PBXGroup;
			children = (
				D26AFFDE2B1275A9007B90DF /* Main */,
				D28379E02B0FC03B00A1903B /* Common */,
			);
			path = Data;
			sourceTree = "<group>";
		};
		D28379B02B0FBB8300A1903B /* Network */ = {
			isa = PBXGroup;
			children = (
				D28379B12B0FBB8F00A1903B /* Foundation */,
				D26AFFE72B127673007B90DF /* MoyaService.swift */,
				D26AFFE92B12767B007B90DF /* MoyaAPI.swift */,
			);
			path = Network;
			sourceTree = "<group>";
		};
		D28379B12B0FBB8F00A1903B /* Foundation */ = {
			isa = PBXGroup;
			children = (
				D28379D42B0FBDB300A1903B /* APIConstant.swift */,
				D28379D62B0FBDDC00A1903B /* MoyaLoggerPlugin.swift */,
				D28379D82B0FBE5C00A1903B /* NetworkResult.swift */,
				D28379DA2B0FBE7500A1903B /* BaseTargetType.swift */,
				D28379DC2B0FBE9C00A1903B /* BaseAPI.swift */,
				D28379E32B0FC06C00A1903B /* SimpleResponse.swift */,
				D28379E52B0FC08200A1903B /* GenericResponse.swift */,
			);
			path = Foundation;
			sourceTree = "<group>";
		};
		D28379B22B0FBB9B00A1903B /* Resource */ = {
			isa = PBXGroup;
			children = (
				D28379EF2B0FC27C00A1903B /* Pretendard-Black.otf */,
				D28379EB2B0FC27C00A1903B /* Pretendard-Bold.otf */,
				D28379EC2B0FC27C00A1903B /* Pretendard-ExtraBold.otf */,
				D28379EA2B0FC27B00A1903B /* Pretendard-ExtraLight.otf */,
				D28379ED2B0FC27C00A1903B /* Pretendard-Light.otf */,
				D28379E92B0FC27B00A1903B /* Pretendard-Medium.otf */,
				D28379F12B0FC27C00A1903B /* Pretendard-Regular.otf */,
				D28379F02B0FC27C00A1903B /* Pretendard-SemiBold.otf */,
				D28379EE2B0FC27C00A1903B /* Pretendard-Thin.otf */,
				D206CAE22B0FB74A007ECC1B /* LaunchScreen.storyboard */,
				D206CAE02B0FB74A007ECC1B /* Assets.xcassets */,
			);
			path = Resource;
			sourceTree = "<group>";
		};
		D28379B32B0FBBB200A1903B /* Global */ = {
			isa = PBXGroup;
			children = (
				D28379B52B0FBBBE00A1903B /* Extension */,
				D28379B42B0FBBB700A1903B /* Constant */,
			);
			path = Global;
			sourceTree = "<group>";
		};
		D28379B42B0FBBB700A1903B /* Constant */ = {
			isa = PBXGroup;
			children = (
				0083D6FD2B1280C30084766E /* Image.swift */,
				D28379FB2B0FC53500A1903B /* Device.swift */,
			);
			path = Constant;
			sourceTree = "<group>";
		};
		D28379B52B0FBBBE00A1903B /* Extension */ = {
			isa = PBXGroup;
			children = (
				D28379B72B0FBBDA00A1903B /* Foundation+ */,
				D28379B62B0FBBD300A1903B /* UIKit+ */,
			);
			path = Extension;
			sourceTree = "<group>";
		};
		D28379B62B0FBBD300A1903B /* UIKit+ */ = {
			isa = PBXGroup;
			children = (
				D28379B82B0FBBEA00A1903B /* UIApplication+.swift */,
				D28379BA2B0FBBF500A1903B /* UIButton+.swift */,
				D28379BC2B0FBC0400A1903B /* UICollectionReuseableView+.swift */,
				D28379BE2B0FBC0F00A1903B /* UICollectionViewCell++.swift */,
				0083D6FB2B127C030084766E /* UIColor+.swift */,
				D28379C02B0FBC1D00A1903B /* UIImageView+.swift */,
				D28379C22B0FBC2900A1903B /* UILabel+.swift */,
				D28379C42B0FBC3700A1903B /* UINavagationController+.swift */,
				D28379C62B0FBC4100A1903B /* UIStackView+.swift */,
				D28379C82B0FBC4B00A1903B /* UITableHeaderFooterView+.swift */,
				D28379CA2B0FBC5500A1903B /* UITableViewCell+.swift */,
				D28379CC2B0FBC5F00A1903B /* UITextField+.swift */,
				D28379CE2B0FBC6900A1903B /* UIView+.swift */,
				D28379D02B0FBC7600A1903B /* UIViewController+.swift */,
			);
			path = "UIKit+";
			sourceTree = "<group>";
		};
		D28379B72B0FBBDA00A1903B /* Foundation+ */ = {
			isa = PBXGroup;
			children = (
				D28379D22B0FBC8900A1903B /* String+.swift */,
				D28379DE2B0FBFFC00A1903B /* Adjusted+.swift */,
			);
			path = "Foundation+";
			sourceTree = "<group>";
		};
		D28379E02B0FC03B00A1903B /* Common */ = {
			isa = PBXGroup;
			children = (
				D28379E12B0FC04C00A1903B /* VoidResult.swift */,
			);
			path = Common;
			sourceTree = "<group>";
		};
		E5CD4BE82B12388E00CF9D17 /* Base */ = {
			isa = PBXGroup;
			children = (
				E5CD4BEA2B1238AC00CF9D17 /* TabBarController.swift */,
				D26AFFEB2B127B0F007B90DF /* BaseViewController.swift */,
			);
			path = Base;
			sourceTree = "<group>";
		};
		E5CD4BEC2B124A9100CF9D17 /* GelationDetail */ = {
			isa = PBXGroup;
			children = (
				E5CD4BF32B1250E300CF9D17 /* Data */,
				E5CD4BEE2B124ABF00CF9D17 /* Cell */,
				E5CD4BED2B124AB000CF9D17 /* View */,
			);
			path = GelationDetail;
			sourceTree = "<group>";
		};
		E5CD4BED2B124AB000CF9D17 /* View */ = {
			isa = PBXGroup;
			children = (
				E5CD4BEF2B124AD900CF9D17 /* GelationDetailView.swift */,
				E5CD4BF62B12637800CF9D17 /* CustomNavigationBarView.swift */,
			);
			path = View;
			sourceTree = "<group>";
		};
		E5CD4BEE2B124ABF00CF9D17 /* Cell */ = {
			isa = PBXGroup;
			children = (
				E5CD4BF12B124BD600CF9D17 /* GelationCollectionViewCell.swift */,
			);
			path = Cell;
			sourceTree = "<group>";
		};
		E5CD4BF32B1250E300CF9D17 /* Data */ = {
			isa = PBXGroup;
			children = (
				E5CD4BF42B1250F800CF9D17 /* GelationData.swift */,
			);
			path = Data;
			sourceTree = "<group>";
		};
		E5CD4BF82B12A00000CF9D17 /* Splash */ = {
			isa = PBXGroup;
			children = (
				E5CD4BF92B12A01B00CF9D17 /* SplashView.swift */,
			);
			path = Splash;
			sourceTree = "<group>";
		};
/* End PBXGroup section */

/* Begin PBXNativeTarget section */
		D206CAD32B0FB748007ECC1B /* SOPKATHON_33-iOS */ = {
			isa = PBXNativeTarget;
			buildConfigurationList = D206CAE82B0FB74A007ECC1B /* Build configuration list for PBXNativeTarget "SOPKATHON_33-iOS" */;
			buildPhases = (
				D206CAD02B0FB748007ECC1B /* Sources */,
				D206CAD12B0FB748007ECC1B /* Frameworks */,
				D206CAD22B0FB748007ECC1B /* Resources */,
			);
			buildRules = (
			);
			dependencies = (
			);
			name = "SOPKATHON_33-iOS";
			packageProductDependencies = (
				D28379A02B0FB83A00A1903B /* SnapKit */,
				D28379A32B0FB84300A1903B /* Then */,
				D28379A62B0FB86500A1903B /* Moya */,
				D28379A92B0FB87200A1903B /* Kingfisher */,
				00B6F46C2B1224F3008F7396 /* Tabman */,
			);
			productName = "SOPKATHON_33-iOS";
			productReference = D206CAD42B0FB748007ECC1B /* SOPKATHON_33-iOS.app */;
			productType = "com.apple.product-type.application";
		};
/* End PBXNativeTarget section */

/* Begin PBXProject section */
		D206CACC2B0FB748007ECC1B /* Project object */ = {
			isa = PBXProject;
			attributes = {
				BuildIndependentTargetsInParallel = 1;
				LastSwiftUpdateCheck = 1420;
				LastUpgradeCheck = 1420;
				TargetAttributes = {
					D206CAD32B0FB748007ECC1B = {
						CreatedOnToolsVersion = 14.2;
					};
				};
			};
			buildConfigurationList = D206CACF2B0FB748007ECC1B /* Build configuration list for PBXProject "SOPKATHON_33-iOS" */;
			compatibilityVersion = "Xcode 14.0";
			developmentRegion = en;
			hasScannedForEncodings = 0;
			knownRegions = (
				en,
				Base,
			);
			mainGroup = D206CACB2B0FB748007ECC1B;
			packageReferences = (
				D283799F2B0FB83A00A1903B /* XCRemoteSwiftPackageReference "SnapKit" */,
				D28379A22B0FB84300A1903B /* XCRemoteSwiftPackageReference "Then" */,
				D28379A52B0FB86500A1903B /* XCRemoteSwiftPackageReference "Moya" */,
				D28379A82B0FB87200A1903B /* XCRemoteSwiftPackageReference "Kingfisher" */,
				00B6F46B2B1224F3008F7396 /* XCRemoteSwiftPackageReference "Tabman" */,
			);
			productRefGroup = D206CAD52B0FB748007ECC1B /* Products */;
			projectDirPath = "";
			projectRoot = "";
			targets = (
				D206CAD32B0FB748007ECC1B /* SOPKATHON_33-iOS */,
			);
		};
/* End PBXProject section */

/* Begin PBXResourcesBuildPhase section */
		D206CAD22B0FB748007ECC1B /* Resources */ = {
			isa = PBXResourcesBuildPhase;
			buildActionMask = 2147483647;
			files = (
				D206CAE42B0FB74A007ECC1B /* LaunchScreen.storyboard in Resources */,
				D28379F42B0FC27C00A1903B /* Pretendard-Bold.otf in Resources */,
				D28379F52B0FC27C00A1903B /* Pretendard-ExtraBold.otf in Resources */,
				D28379F72B0FC27C00A1903B /* Pretendard-Thin.otf in Resources */,
				D28379F82B0FC27C00A1903B /* Pretendard-Black.otf in Resources */,
				D206CAE12B0FB74A007ECC1B /* Assets.xcassets in Resources */,
				D28379F62B0FC27C00A1903B /* Pretendard-Light.otf in Resources */,
				D28379F92B0FC27C00A1903B /* Pretendard-SemiBold.otf in Resources */,
				D28379FA2B0FC27C00A1903B /* Pretendard-Regular.otf in Resources */,
				D28379F32B0FC27C00A1903B /* Pretendard-ExtraLight.otf in Resources */,
				D28379F22B0FC27C00A1903B /* Pretendard-Medium.otf in Resources */,
			);
			runOnlyForDeploymentPostprocessing = 0;
		};
/* End PBXResourcesBuildPhase section */

/* Begin PBXSourcesBuildPhase section */
		D206CAD02B0FB748007ECC1B /* Sources */ = {
			isa = PBXSourcesBuildPhase;
			buildActionMask = 2147483647;
			files = (
				D28379C12B0FBC1D00A1903B /* UIImageView+.swift in Sources */,
				0083D7002B12A0150084766E /* SupportViewController.swift in Sources */,
				A19A1F552B1245330077ACEC /* IdCardView.swift in Sources */,
				D28379B92B0FBBEA00A1903B /* UIApplication+.swift in Sources */,
				D28379E22B0FC04C00A1903B /* VoidResult.swift in Sources */,
				D28379D72B0FBDDC00A1903B /* MoyaLoggerPlugin.swift in Sources */,
				0083D7042B12A3450084766E /* SupportTopView.swift in Sources */,
				D26AFFF62B12B2AA007B90DF /* RegisterModel.swift in Sources */,
				0083D7022B12A2280084766E /* SupportView.swift in Sources */,
				A19A1F5B2B1255CF0077ACEC /* ActivityStackView.swift in Sources */,
				D28379E42B0FC06C00A1903B /* SimpleResponse.swift in Sources */,
				D26AFFDD2B125AF8007B90DF /* ProgramCollectionViewCell.swift in Sources */,
				D26AFFDB2B125825007B90DF /* ProgramCollectionView.swift in Sources */,
				D28379C32B0FBC2900A1903B /* UILabel+.swift in Sources */,
				D28379C52B0FBC3700A1903B /* UINavagationController+.swift in Sources */,
				D28379BB2B0FBBF500A1903B /* UIButton+.swift in Sources */,
				D26AFFEC2B127B0F007B90DF /* BaseViewController.swift in Sources */,
				D26AFFEA2B12767B007B90DF /* MoyaAPI.swift in Sources */,
				0083D7082B12A3BD0084766E /* SupportCollectionViewCell.swift in Sources */,
				D28379D92B0FBE5C00A1903B /* NetworkResult.swift in Sources */,
				A19A1F522B12451B0077ACEC /* MainViewController.swift in Sources */,
				D26AFFF22B129A8F007B90DF /* ProgramModel.swift in Sources */,
				D28379FC2B0FC53500A1903B /* Device.swift in Sources */,
				A13161452B12749800883CB2 /* UserInfoChipView.swift in Sources */,
				E5CD4BF22B124BD600CF9D17 /* GelationCollectionViewCell.swift in Sources */,
				E5CD4BF72B12637800CF9D17 /* CustomNavigationBarView.swift in Sources */,
				D28379D52B0FBDB300A1903B /* APIConstant.swift in Sources */,
				D28379DD2B0FBE9C00A1903B /* BaseAPI.swift in Sources */,
				D26AFFEE2B128915007B90DF /* GelationModel.swift in Sources */,
				D28379BF2B0FBC0F00A1903B /* UICollectionViewCell++.swift in Sources */,
				D28379D12B0FBC7600A1903B /* UIViewController+.swift in Sources */,
				D26AFFF02B1291DC007B90DF /* ProgressView.swift in Sources */,
				D28379CD2B0FBC5F00A1903B /* UITextField+.swift in Sources */,
				D206CADC2B0FB748007ECC1B /* ViewController.swift in Sources */,
				D28379C72B0FBC4100A1903B /* UIStackView+.swift in Sources */,
				A19A1F572B12514E0077ACEC /* ActivityCardView.swift in Sources */,
				D26AFFF42B12AA8A007B90DF /* DetailModel.swift in Sources */,
				0083D6FE2B1280C30084766E /* Image.swift in Sources */,
				D26AFFD42B125470007B90DF /* ProgramViewController.swift in Sources */,
				D28379D32B0FBC8900A1903B /* String+.swift in Sources */,
				E5CD4BF02B124AD900CF9D17 /* GelationDetailView.swift in Sources */,
				E5CD4BFA2B12A01B00CF9D17 /* SplashView.swift in Sources */,
				D26AFFE82B127673007B90DF /* MoyaService.swift in Sources */,
				D26AFFE02B1275B2007B90DF /* MainModel.swift in Sources */,
				D26AFFD62B125479007B90DF /* ProgramView.swift in Sources */,
				D206CAD82B0FB748007ECC1B /* AppDelegate.swift in Sources */,
				D26AFFD92B1254BC007B90DF /* ProgramTopView.swift in Sources */,
				0083D7062B12A38B0084766E /* SupportCollectionView.swift in Sources */,
				D28379E62B0FC08200A1903B /* GenericResponse.swift in Sources */,
				D28379DB2B0FBE7500A1903B /* BaseTargetType.swift in Sources */,
				D28379DF2B0FBFFC00A1903B /* Adjusted+.swift in Sources */,
				D28379CB2B0FBC5500A1903B /* UITableViewCell+.swift in Sources */,
				E5CD4BEB2B1238AC00CF9D17 /* TabBarController.swift in Sources */,
				E5CD4BF52B1250F800CF9D17 /* GelationData.swift in Sources */,
				D28379C92B0FBC4B00A1903B /* UITableHeaderFooterView+.swift in Sources */,
				A19A1F5D2B1258490077ACEC /* ActivityStackViewItem.swift in Sources */,
				D28379CF2B0FBC6900A1903B /* UIView+.swift in Sources */,
				D206CADA2B0FB748007ECC1B /* SceneDelegate.swift in Sources */,
				0003BFBC2B1247EF00C29757 /* DetailViewController.swift in Sources */,
				D28379BD2B0FBC0400A1903B /* UICollectionReuseableView+.swift in Sources */,
				0083D6FC2B127C030084766E /* UIColor+.swift in Sources */,
			);
			runOnlyForDeploymentPostprocessing = 0;
		};
/* End PBXSourcesBuildPhase section */

/* Begin PBXVariantGroup section */
		D206CAE22B0FB74A007ECC1B /* LaunchScreen.storyboard */ = {
			isa = PBXVariantGroup;
			children = (
				D206CAE32B0FB74A007ECC1B /* Base */,
			);
			name = LaunchScreen.storyboard;
			sourceTree = "<group>";
		};
/* End PBXVariantGroup section */

/* Begin XCBuildConfiguration section */
		D206CAE62B0FB74A007ECC1B /* Debug */ = {
			isa = XCBuildConfiguration;
			buildSettings = {
				ALWAYS_SEARCH_USER_PATHS = NO;
				CLANG_ANALYZER_NONNULL = YES;
				CLANG_ANALYZER_NUMBER_OBJECT_CONVERSION = YES_AGGRESSIVE;
				CLANG_CXX_LANGUAGE_STANDARD = "gnu++20";
				CLANG_ENABLE_MODULES = YES;
				CLANG_ENABLE_OBJC_ARC = YES;
				CLANG_ENABLE_OBJC_WEAK = YES;
				CLANG_WARN_BLOCK_CAPTURE_AUTORELEASING = YES;
				CLANG_WARN_BOOL_CONVERSION = YES;
				CLANG_WARN_COMMA = YES;
				CLANG_WARN_CONSTANT_CONVERSION = YES;
				CLANG_WARN_DEPRECATED_OBJC_IMPLEMENTATIONS = YES;
				CLANG_WARN_DIRECT_OBJC_ISA_USAGE = YES_ERROR;
				CLANG_WARN_DOCUMENTATION_COMMENTS = YES;
				CLANG_WARN_EMPTY_BODY = YES;
				CLANG_WARN_ENUM_CONVERSION = YES;
				CLANG_WARN_INFINITE_RECURSION = YES;
				CLANG_WARN_INT_CONVERSION = YES;
				CLANG_WARN_NON_LITERAL_NULL_CONVERSION = YES;
				CLANG_WARN_OBJC_IMPLICIT_RETAIN_SELF = YES;
				CLANG_WARN_OBJC_LITERAL_CONVERSION = YES;
				CLANG_WARN_OBJC_ROOT_CLASS = YES_ERROR;
				CLANG_WARN_QUOTED_INCLUDE_IN_FRAMEWORK_HEADER = YES;
				CLANG_WARN_RANGE_LOOP_ANALYSIS = YES;
				CLANG_WARN_STRICT_PROTOTYPES = YES;
				CLANG_WARN_SUSPICIOUS_MOVE = YES;
				CLANG_WARN_UNGUARDED_AVAILABILITY = YES_AGGRESSIVE;
				CLANG_WARN_UNREACHABLE_CODE = YES;
				CLANG_WARN__DUPLICATE_METHOD_MATCH = YES;
				COPY_PHASE_STRIP = NO;
				DEBUG_INFORMATION_FORMAT = dwarf;
				ENABLE_STRICT_OBJC_MSGSEND = YES;
				ENABLE_TESTABILITY = YES;
				GCC_C_LANGUAGE_STANDARD = gnu11;
				GCC_DYNAMIC_NO_PIC = NO;
				GCC_NO_COMMON_BLOCKS = YES;
				GCC_OPTIMIZATION_LEVEL = 0;
				GCC_PREPROCESSOR_DEFINITIONS = (
					"DEBUG=1",
					"$(inherited)",
				);
				GCC_WARN_64_TO_32_BIT_CONVERSION = YES;
				GCC_WARN_ABOUT_RETURN_TYPE = YES_ERROR;
				GCC_WARN_UNDECLARED_SELECTOR = YES;
				GCC_WARN_UNINITIALIZED_AUTOS = YES_AGGRESSIVE;
				GCC_WARN_UNUSED_FUNCTION = YES;
				GCC_WARN_UNUSED_VARIABLE = YES;
				IPHONEOS_DEPLOYMENT_TARGET = 16.2;
				MTL_ENABLE_DEBUG_INFO = INCLUDE_SOURCE;
				MTL_FAST_MATH = YES;
				ONLY_ACTIVE_ARCH = YES;
				SDKROOT = iphoneos;
				SWIFT_ACTIVE_COMPILATION_CONDITIONS = DEBUG;
				SWIFT_OPTIMIZATION_LEVEL = "-Onone";
			};
			name = Debug;
		};
		D206CAE72B0FB74A007ECC1B /* Release */ = {
			isa = XCBuildConfiguration;
			buildSettings = {
				ALWAYS_SEARCH_USER_PATHS = NO;
				CLANG_ANALYZER_NONNULL = YES;
				CLANG_ANALYZER_NUMBER_OBJECT_CONVERSION = YES_AGGRESSIVE;
				CLANG_CXX_LANGUAGE_STANDARD = "gnu++20";
				CLANG_ENABLE_MODULES = YES;
				CLANG_ENABLE_OBJC_ARC = YES;
				CLANG_ENABLE_OBJC_WEAK = YES;
				CLANG_WARN_BLOCK_CAPTURE_AUTORELEASING = YES;
				CLANG_WARN_BOOL_CONVERSION = YES;
				CLANG_WARN_COMMA = YES;
				CLANG_WARN_CONSTANT_CONVERSION = YES;
				CLANG_WARN_DEPRECATED_OBJC_IMPLEMENTATIONS = YES;
				CLANG_WARN_DIRECT_OBJC_ISA_USAGE = YES_ERROR;
				CLANG_WARN_DOCUMENTATION_COMMENTS = YES;
				CLANG_WARN_EMPTY_BODY = YES;
				CLANG_WARN_ENUM_CONVERSION = YES;
				CLANG_WARN_INFINITE_RECURSION = YES;
				CLANG_WARN_INT_CONVERSION = YES;
				CLANG_WARN_NON_LITERAL_NULL_CONVERSION = YES;
				CLANG_WARN_OBJC_IMPLICIT_RETAIN_SELF = YES;
				CLANG_WARN_OBJC_LITERAL_CONVERSION = YES;
				CLANG_WARN_OBJC_ROOT_CLASS = YES_ERROR;
				CLANG_WARN_QUOTED_INCLUDE_IN_FRAMEWORK_HEADER = YES;
				CLANG_WARN_RANGE_LOOP_ANALYSIS = YES;
				CLANG_WARN_STRICT_PROTOTYPES = YES;
				CLANG_WARN_SUSPICIOUS_MOVE = YES;
				CLANG_WARN_UNGUARDED_AVAILABILITY = YES_AGGRESSIVE;
				CLANG_WARN_UNREACHABLE_CODE = YES;
				CLANG_WARN__DUPLICATE_METHOD_MATCH = YES;
				COPY_PHASE_STRIP = NO;
				DEBUG_INFORMATION_FORMAT = "dwarf-with-dsym";
				ENABLE_NS_ASSERTIONS = NO;
				ENABLE_STRICT_OBJC_MSGSEND = YES;
				GCC_C_LANGUAGE_STANDARD = gnu11;
				GCC_NO_COMMON_BLOCKS = YES;
				GCC_WARN_64_TO_32_BIT_CONVERSION = YES;
				GCC_WARN_ABOUT_RETURN_TYPE = YES_ERROR;
				GCC_WARN_UNDECLARED_SELECTOR = YES;
				GCC_WARN_UNINITIALIZED_AUTOS = YES_AGGRESSIVE;
				GCC_WARN_UNUSED_FUNCTION = YES;
				GCC_WARN_UNUSED_VARIABLE = YES;
				IPHONEOS_DEPLOYMENT_TARGET = 16.2;
				MTL_ENABLE_DEBUG_INFO = NO;
				MTL_FAST_MATH = YES;
				SDKROOT = iphoneos;
				SWIFT_COMPILATION_MODE = wholemodule;
				SWIFT_OPTIMIZATION_LEVEL = "-O";
				VALIDATE_PRODUCT = YES;
			};
			name = Release;
		};
		D206CAE92B0FB74A007ECC1B /* Debug */ = {
			isa = XCBuildConfiguration;
			buildSettings = {
				ASSETCATALOG_COMPILER_APPICON_NAME = AppIcon;
				ASSETCATALOG_COMPILER_GLOBAL_ACCENT_COLOR_NAME = AccentColor;
				CODE_SIGN_STYLE = Automatic;
				CURRENT_PROJECT_VERSION = 1;
				DEVELOPMENT_TEAM = MR2VBKY7CB;
				GENERATE_INFOPLIST_FILE = YES;
				INFOPLIST_FILE = "SOPKATHON_33-iOS/Info.plist";
				INFOPLIST_KEY_UIApplicationSupportsIndirectInputEvents = YES;
				INFOPLIST_KEY_UILaunchStoryboardName = LaunchScreen;
				INFOPLIST_KEY_UISupportedInterfaceOrientations_iPad = "UIInterfaceOrientationPortrait UIInterfaceOrientationPortraitUpsideDown UIInterfaceOrientationLandscapeLeft UIInterfaceOrientationLandscapeRight";
				INFOPLIST_KEY_UISupportedInterfaceOrientations_iPhone = "UIInterfaceOrientationPortrait UIInterfaceOrientationLandscapeLeft UIInterfaceOrientationLandscapeRight";
				LD_RUNPATH_SEARCH_PATHS = (
					"$(inherited)",
					"@executable_path/Frameworks",
				);
				MARKETING_VERSION = 1.0;
				PRODUCT_BUNDLE_IDENTIFIER = "com.hellohidi.SOPKATHON-33-iOS";
				PRODUCT_NAME = "$(TARGET_NAME)";
				SWIFT_EMIT_LOC_STRINGS = YES;
				SWIFT_VERSION = 5.0;
				TARGETED_DEVICE_FAMILY = "1,2";
			};
			name = Debug;
		};
		D206CAEA2B0FB74A007ECC1B /* Release */ = {
			isa = XCBuildConfiguration;
			buildSettings = {
				ASSETCATALOG_COMPILER_APPICON_NAME = AppIcon;
				ASSETCATALOG_COMPILER_GLOBAL_ACCENT_COLOR_NAME = AccentColor;
				CODE_SIGN_STYLE = Automatic;
				CURRENT_PROJECT_VERSION = 1;
				DEVELOPMENT_TEAM = MR2VBKY7CB;
				GENERATE_INFOPLIST_FILE = YES;
				INFOPLIST_FILE = "SOPKATHON_33-iOS/Info.plist";
				INFOPLIST_KEY_UIApplicationSupportsIndirectInputEvents = YES;
				INFOPLIST_KEY_UILaunchStoryboardName = LaunchScreen;
				INFOPLIST_KEY_UISupportedInterfaceOrientations_iPad = "UIInterfaceOrientationPortrait UIInterfaceOrientationPortraitUpsideDown UIInterfaceOrientationLandscapeLeft UIInterfaceOrientationLandscapeRight";
				INFOPLIST_KEY_UISupportedInterfaceOrientations_iPhone = "UIInterfaceOrientationPortrait UIInterfaceOrientationLandscapeLeft UIInterfaceOrientationLandscapeRight";
				LD_RUNPATH_SEARCH_PATHS = (
					"$(inherited)",
					"@executable_path/Frameworks",
				);
				MARKETING_VERSION = 1.0;
				PRODUCT_BUNDLE_IDENTIFIER = "com.hellohidi.SOPKATHON-33-iOS";
				PRODUCT_NAME = "$(TARGET_NAME)";
				SWIFT_EMIT_LOC_STRINGS = YES;
				SWIFT_VERSION = 5.0;
				TARGETED_DEVICE_FAMILY = "1,2";
			};
			name = Release;
		};
/* End XCBuildConfiguration section */

/* Begin XCConfigurationList section */
		D206CACF2B0FB748007ECC1B /* Build configuration list for PBXProject "SOPKATHON_33-iOS" */ = {
			isa = XCConfigurationList;
			buildConfigurations = (
				D206CAE62B0FB74A007ECC1B /* Debug */,
				D206CAE72B0FB74A007ECC1B /* Release */,
			);
			defaultConfigurationIsVisible = 0;
			defaultConfigurationName = Release;
		};
		D206CAE82B0FB74A007ECC1B /* Build configuration list for PBXNativeTarget "SOPKATHON_33-iOS" */ = {
			isa = XCConfigurationList;
			buildConfigurations = (
				D206CAE92B0FB74A007ECC1B /* Debug */,
				D206CAEA2B0FB74A007ECC1B /* Release */,
			);
			defaultConfigurationIsVisible = 0;
			defaultConfigurationName = Release;
		};
/* End XCConfigurationList section */

/* Begin XCRemoteSwiftPackageReference section */
		00B6F46B2B1224F3008F7396 /* XCRemoteSwiftPackageReference "Tabman" */ = {
			isa = XCRemoteSwiftPackageReference;
			repositoryURL = "https://github.com/uias/Tabman";
			requirement = {
				kind = upToNextMajorVersion;
				minimumVersion = 3.0.2;
			};
		};
		D283799F2B0FB83A00A1903B /* XCRemoteSwiftPackageReference "SnapKit" */ = {
			isa = XCRemoteSwiftPackageReference;
			repositoryURL = "https://github.com/SnapKit/SnapKit.git";
			requirement = {
				branch = develop;
				kind = branch;
			};
		};
		D28379A22B0FB84300A1903B /* XCRemoteSwiftPackageReference "Then" */ = {
			isa = XCRemoteSwiftPackageReference;
			repositoryURL = "https://github.com/devxoul/Then.git";
			requirement = {
				branch = master;
				kind = branch;
			};
		};
		D28379A52B0FB86500A1903B /* XCRemoteSwiftPackageReference "Moya" */ = {
			isa = XCRemoteSwiftPackageReference;
			repositoryURL = "https://github.com/Moya/Moya";
			requirement = {
				branch = master;
				kind = branch;
			};
		};
		D28379A82B0FB87200A1903B /* XCRemoteSwiftPackageReference "Kingfisher" */ = {
			isa = XCRemoteSwiftPackageReference;
			repositoryURL = "https://github.com/onevcat/Kingfisher";
			requirement = {
				branch = master;
				kind = branch;
			};
		};
/* End XCRemoteSwiftPackageReference section */

/* Begin XCSwiftPackageProductDependency section */
		00B6F46C2B1224F3008F7396 /* Tabman */ = {
			isa = XCSwiftPackageProductDependency;
			package = 00B6F46B2B1224F3008F7396 /* XCRemoteSwiftPackageReference "Tabman" */;
			productName = Tabman;
		};
		D28379A02B0FB83A00A1903B /* SnapKit */ = {
			isa = XCSwiftPackageProductDependency;
			package = D283799F2B0FB83A00A1903B /* XCRemoteSwiftPackageReference "SnapKit" */;
			productName = SnapKit;
		};
		D28379A32B0FB84300A1903B /* Then */ = {
			isa = XCSwiftPackageProductDependency;
			package = D28379A22B0FB84300A1903B /* XCRemoteSwiftPackageReference "Then" */;
			productName = Then;
		};
		D28379A62B0FB86500A1903B /* Moya */ = {
			isa = XCSwiftPackageProductDependency;
			package = D28379A52B0FB86500A1903B /* XCRemoteSwiftPackageReference "Moya" */;
			productName = Moya;
		};
		D28379A92B0FB87200A1903B /* Kingfisher */ = {
			isa = XCSwiftPackageProductDependency;
			package = D28379A82B0FB87200A1903B /* XCRemoteSwiftPackageReference "Kingfisher" */;
			productName = Kingfisher;
		};
/* End XCSwiftPackageProductDependency section */
	};
	rootObject = D206CACC2B0FB748007ECC1B /* Project object */;
}
